
Microsoft Visual Studio Solution File, Format Version 12.00
# Visual Studio 14
VisualStudioVersion = 14.0.22609.0
MinimumVisualStudioVersion = 10.0.40219.1
Project("{FAE04EC0-301F-11D3-BF4B-00C04F79EFBC}") = "GetIPlayerUI", "GetIPlayerUI.csproj", "{8A77AB12-B8C2-4E16-987E-58F7D1552ED2}"
EndProject
Global
	GlobalSection(SolutionConfigurationPlatforms) = preSolution
		Debug|Any CPU = Debug|Any CPU
		Release|Any CPU = Release|Any CPU
	EndGlobalSection
	GlobalSection(ProjectConfigurationPlatforms) = postSolution
		{8A77AB12-B8C2-4E16-987E-58F7D1552ED2}.Debug|Any CPU.ActiveCfg = Debug|Any CPU
		{8A77AB12-B8C2-4E16-987E-58F7D1552ED2}.Debug|Any CPU.Build.0 = Debug|Any CPU
		{8A77AB12-B8C2-4E16-987E-58F7D1552ED2}.Release|Any CPU.ActiveCfg = Release|Any CPU
		{8A77AB12-B8C2-4E16-987E-58F7D1552ED2}.Release|Any CPU.Build.0 = Release|Any CPU
	EndGlobalSection
	GlobalSection(SolutionProperties) = preSolution
		HideSolutionNode = FALSE
	EndGlobalSection
	GlobalSection(TeamFoundationVersionControl) = preSolution
		SccNumberOfProjects = 1
		SccEnterpriseProvider = {4CA58AB2-18FA-4F8D-95D4-32DDF27D184C}
		SccTeamFoundationServer = https://timsneath.visualstudio.com/defaultcollection
		SccProjectUniqueName0 = GetIPlayerUI.csproj
		SccProjectName0 = .
		SccAuxPath0 = https://timsneath.visualstudio.com/defaultcollection
		SccLocalPath0 = .
		SccProvider0 = {4CA58AB2-18FA-4F8D-95D4-32DDF27D184C}
	EndGlobalSection
EndGlobal
